github.com/klauspost/cpuid/v2 v2.1.1 h1:t0wUqjowdm8ezddV5k0tLWVklVuvLJpoHeb4WBdydm0=
github.com/klauspost/cpuid/v2 v2.1.1/go.mod h1:RVVoqg1df56z8g3pUjL/3lE5UfnlrJX8tyFgg4nqhuY=
golang.org/x/sys v0.0.0-20220704084225-05e143d24a9e h1:CsOuNlbOuf0mzxJIefr6Q4uAUetRUwZE4qt7VfzP+xo=
golang.org/x/sys v0.0.0-20220704084225-05e143d24a9e/go.mod h1:oPkhp1MJrh7nUepCBck5+mAzfO9JrbApNNgaTdGDITg=
